// !$*UTF8*$!
{
	archiveVersion = 1;
	classes = {
	};
	objectVersion = 56;
	objects = {

/* Begin PBXBuildFile section */
		AF6C1F712A3E1605009916C5 /* OnBoarding.swift in Sources */ = {isa = PBXBuildFile; fileRef = AF6C1F702A3E1605009916C5 /* OnBoarding.swift */; };
		AF6C1F742A3E1657009916C5 /* Colors.swift in Sources */ = {isa = PBXBuildFile; fileRef = AF6C1F732A3E1657009916C5 /* Colors.swift */; };
		AF6C1F762A3E60FD009916C5 /* LoginView.swift in Sources */ = {isa = PBXBuildFile; fileRef = AF6C1F752A3E60FD009916C5 /* LoginView.swift */; };
		AF8594482A3FBCF5003B0D0B /* Splash.swift in Sources */ = {isa = PBXBuildFile; fileRef = AF8594472A3FBCF5003B0D0B /* Splash.swift */; };
		AF85944B2A3FBD94003B0D0B /* SplashViewModel.swift in Sources */ = {isa = PBXBuildFile; fileRef = AF85944A2A3FBD94003B0D0B /* SplashViewModel.swift */; };
		AF85944E2A3FDF0D003B0D0B /* LoginViewModel.swift in Sources */ = {isa = PBXBuildFile; fileRef = AF85944D2A3FDF0D003B0D0B /* LoginViewModel.swift */; };
		AF8594592A3FEB64003B0D0B /* GoogleService-Info.plist in Resources */ = {isa = PBXBuildFile; fileRef = AF8594582A3FEB64003B0D0B /* GoogleService-Info.plist */; };
		AF8594632A3FF06A003B0D0B /* NewUser.swift in Sources */ = {isa = PBXBuildFile; fileRef = AF8594622A3FF06A003B0D0B /* NewUser.swift */; };
		AF8594662A3FF2F7003B0D0B /* User.swift in Sources */ = {isa = PBXBuildFile; fileRef = AF8594652A3FF2F7003B0D0B /* User.swift */; };
		AF8594692A3FFDC2003B0D0B /* FirebaseAuth in Frameworks */ = {isa = PBXBuildFile; productRef = AF8594682A3FFDC2003B0D0B /* FirebaseAuth */; };
		AF85946B2A3FFDC2003B0D0B /* FirebaseFirestore in Frameworks */ = {isa = PBXBuildFile; productRef = AF85946A2A3FFDC2003B0D0B /* FirebaseFirestore */; };
		AF85946D2A3FFF13003B0D0B /* RegisterViewModel.swift in Sources */ = {isa = PBXBuildFile; fileRef = AF85946C2A3FFF13003B0D0B /* RegisterViewModel.swift */; };
		AF85946F2A400349003B0D0B /* RegisterView.swift in Sources */ = {isa = PBXBuildFile; fileRef = AF85946E2A400349003B0D0B /* RegisterView.swift */; };
		AFC0B3EB2A3D677700861D45 /* firebaseLoginApp.swift in Sources */ = {isa = PBXBuildFile; fileRef = AFC0B3EA2A3D677700861D45 /* firebaseLoginApp.swift */; };
		AFC0B3ED2A3D677700861D45 /* ContentView.swift in Sources */ = {isa = PBXBuildFile; fileRef = AFC0B3EC2A3D677700861D45 /* ContentView.swift */; };
		AFC0B3EF2A3D677800861D45 /* Assets.xcassets in Resources */ = {isa = PBXBuildFile; fileRef = AFC0B3EE2A3D677800861D45 /* Assets.xcassets */; };
		AFC0B3F32A3D677800861D45 /* Preview Assets.xcassets in Resources */ = {isa = PBXBuildFile; fileRef = AFC0B3F22A3D677800861D45 /* Preview Assets.xcassets */; };
/* End PBXBuildFile section */

/* Begin PBXFileReference section */
		AF6C1F702A3E1605009916C5 /* OnBoarding.swift */ = {isa = PBXFileReference; lastKnownFileType = sourcecode.swift; path = OnBoarding.swift; sourceTree = "<group>"; };
		AF6C1F732A3E1657009916C5 /* Colors.swift */ = {isa = PBXFileReference; lastKnownFileType = sourcecode.swift; path = Colors.swift; sourceTree = "<group>"; };
		AF6C1F752A3E60FD009916C5 /* LoginView.swift */ = {isa = PBXFileReference; lastKnownFileType = sourcecode.swift; path = LoginView.swift; sourceTree = "<group>"; };
		AF8594472A3FBCF5003B0D0B /* Splash.swift */ = {isa = PBXFileReference; lastKnownFileType = sourcecode.swift; path = Splash.swift; sourceTree = "<group>"; };
		AF85944A2A3FBD94003B0D0B /* SplashViewModel.swift */ = {isa = PBXFileReference; lastKnownFileType = sourcecode.swift; path = SplashViewModel.swift; sourceTree = "<group>"; };
		AF85944D2A3FDF0D003B0D0B /* LoginViewModel.swift */ = {isa = PBXFileReference; lastKnownFileType = sourcecode.swift; path = LoginViewModel.swift; sourceTree = "<group>"; };
		AF8594582A3FEB64003B0D0B /* GoogleService-Info.plist */ = {isa = PBXFileReference; fileEncoding = 4; lastKnownFileType = text.plist.xml; path = "GoogleService-Info.plist"; sourceTree = "<group>"; };
		AF8594622A3FF06A003B0D0B /* NewUser.swift */ = {isa = PBXFileReference; lastKnownFileType = sourcecode.swift; path = NewUser.swift; sourceTree = "<group>"; };
		AF8594652A3FF2F7003B0D0B /* User.swift */ = {isa = PBXFileReference; lastKnownFileType = sourcecode.swift; path = User.swift; sourceTree = "<group>"; };
		AF85946C2A3FFF13003B0D0B /* RegisterViewModel.swift */ = {isa = PBXFileReference; lastKnownFileType = sourcecode.swift; path = RegisterViewModel.swift; sourceTree = "<group>"; };
		AF85946E2A400349003B0D0B /* RegisterView.swift */ = {isa = PBXFileReference; lastKnownFileType = sourcecode.swift; path = RegisterView.swift; sourceTree = "<group>"; };
		AFC0B3E72A3D677700861D45 /* firebaseLogin.app */ = {isa = PBXFileReference; explicitFileType = wrapper.application; includeInIndex = 0; path = firebaseLogin.app; sourceTree = BUILT_PRODUCTS_DIR; };
		AFC0B3EA2A3D677700861D45 /* firebaseLoginApp.swift */ = {isa = PBXFileReference; lastKnownFileType = sourcecode.swift; path = firebaseLoginApp.swift; sourceTree = "<group>"; };
		AFC0B3EC2A3D677700861D45 /* ContentView.swift */ = {isa = PBXFileReference; lastKnownFileType = sourcecode.swift; path = ContentView.swift; sourceTree = "<group>"; };
		AFC0B3EE2A3D677800861D45 /* Assets.xcassets */ = {isa = PBXFileReference; lastKnownFileType = folder.assetcatalog; path = Assets.xcassets; sourceTree = "<group>"; };
		AFC0B3F02A3D677800861D45 /* firebaseLogin.entitlements */ = {isa = PBXFileReference; lastKnownFileType = text.plist.entitlements; path = firebaseLogin.entitlements; sourceTree = "<group>"; };
		AFC0B3F22A3D677800861D45 /* Preview Assets.xcassets */ = {isa = PBXFileReference; lastKnownFileType = folder.assetcatalog; path = "Preview Assets.xcassets"; sourceTree = "<group>"; };
/* End PBXFileReference section */

/* Begin PBXFrameworksBuildPhase section */
		AFC0B3E42A3D677700861D45 /* Frameworks */ = {
			isa = PBXFrameworksBuildPhase;
			buildActionMask = 2147483647;
			files = (
				AF8594692A3FFDC2003B0D0B /* FirebaseAuth in Frameworks */,
				AF85946B2A3FFDC2003B0D0B /* FirebaseFirestore in Frameworks */,
			);
			runOnlyForDeploymentPostprocessing = 0;
		};
/* End PBXFrameworksBuildPhase section */

/* Begin PBXGroup section */
		AF6C1F6E2A3E15E1009916C5 /* OnBoarding */ = {
			isa = PBXGroup;
			children = (
				AF6C1F6F2A3E15E9009916C5 /* View */,
			);
			path = OnBoarding;
			sourceTree = "<group>";
		};
		AF6C1F6F2A3E15E9009916C5 /* View */ = {
			isa = PBXGroup;
			children = (
				AF6C1F702A3E1605009916C5 /* OnBoarding.swift */,
			);
			path = View;
			sourceTree = "<group>";
		};
		AF6C1F722A3E1646009916C5 /* Shared */ = {
			isa = PBXGroup;
			children = (
				AF6C1F732A3E1657009916C5 /* Colors.swift */,
			);
			path = Shared;
			sourceTree = "<group>";
		};
		AF8594452A3FBCDD003B0D0B /* Splash */ = {
			isa = PBXGroup;
			children = (
				AF8594492A3FBD73003B0D0B /* ViewModel */,
				AF8594462A3FBCE8003B0D0B /* View */,
			);
			path = Splash;
			sourceTree = "<group>";
		};
		AF8594462A3FBCE8003B0D0B /* View */ = {
			isa = PBXGroup;
			children = (
				AF8594472A3FBCF5003B0D0B /* Splash.swift */,
			);
			path = View;
			sourceTree = "<group>";
		};
		AF8594492A3FBD73003B0D0B /* ViewModel */ = {
			isa = PBXGroup;
			children = (
				AF85944A2A3FBD94003B0D0B /* SplashViewModel.swift */,
			);
			path = ViewModel;
			sourceTree = "<group>";
		};
		AF85944C2A3FDE15003B0D0B /* ViewModel */ = {
			isa = PBXGroup;
			children = (
				AF85944D2A3FDF0D003B0D0B /* LoginViewModel.swift */,
			);
			path = ViewModel;
			sourceTree = "<group>";
		};
		AF85945A2A3FECBB003B0D0B /* Register */ = {
			isa = PBXGroup;
			children = (
				AF8594642A3FF2E8003B0D0B /* Repository */,
				AF85945E2A3FECEE003B0D0B /* Model */,
				AF85945D2A3FECE4003B0D0B /* View */,
				AF85945C2A3FECDC003B0D0B /* ViewModel */,
			);
			path = Register;
			sourceTree = "<group>";
		};
		AF85945C2A3FECDC003B0D0B /* ViewModel */ = {
			isa = PBXGroup;
			children = (
				AF85946C2A3FFF13003B0D0B /* RegisterViewModel.swift */,
			);
			path = ViewModel;
			sourceTree = "<group>";
		};
		AF85945D2A3FECE4003B0D0B /* View */ = {
			isa = PBXGroup;
			children = (
				AF85946E2A400349003B0D0B /* RegisterView.swift */,
			);
			path = View;
			sourceTree = "<group>";
		};
		AF85945E2A3FECEE003B0D0B /* Model */ = {
			isa = PBXGroup;
			children = (
				AF8594622A3FF06A003B0D0B /* NewUser.swift */,
			);
			path = Model;
			sourceTree = "<group>";
		};
		AF8594642A3FF2E8003B0D0B /* Repository */ = {
			isa = PBXGroup;
			children = (
				AF8594652A3FF2F7003B0D0B /* User.swift */,
			);
			path = Repository;
			sourceTree = "<group>";
		};
		AFC0B3DE2A3D677700861D45 = {
			isa = PBXGroup;
			children = (
				AFC0B3E92A3D677700861D45 /* firebaseLogin */,
				AFC0B3E82A3D677700861D45 /* Products */,
			);
			sourceTree = "<group>";
		};
		AFC0B3E82A3D677700861D45 /* Products */ = {
			isa = PBXGroup;
			children = (
				AFC0B3E72A3D677700861D45 /* firebaseLogin.app */,
			);
			name = Products;
			sourceTree = "<group>";
		};
		AFC0B3E92A3D677700861D45 /* firebaseLogin */ = {
			isa = PBXGroup;
			children = (
				AFC0B3F92A3D68D000861D45 /* Src */,
				AFC0B3EA2A3D677700861D45 /* firebaseLoginApp.swift */,
				AFC0B3EC2A3D677700861D45 /* ContentView.swift */,
				AFC0B3EE2A3D677800861D45 /* Assets.xcassets */,
				AFC0B3F02A3D677800861D45 /* firebaseLogin.entitlements */,
				AF8594582A3FEB64003B0D0B /* GoogleService-Info.plist */,
				AFC0B3F12A3D677800861D45 /* Preview Content */,
			);
			path = firebaseLogin;
			sourceTree = "<group>";
		};
		AFC0B3F12A3D677800861D45 /* Preview Content */ = {
			isa = PBXGroup;
			children = (
				AFC0B3F22A3D677800861D45 /* Preview Assets.xcassets */,
			);
			path = "Preview Content";
			sourceTree = "<group>";
		};
		AFC0B3F92A3D68D000861D45 /* Src */ = {
			isa = PBXGroup;
			children = (
				AF6C1F722A3E1646009916C5 /* Shared */,
				AFC0B3FA2A3D68DC00861D45 /* Auth */,
			);
			path = Src;
			sourceTree = "<group>";
		};
		AFC0B3FA2A3D68DC00861D45 /* Auth */ = {
			isa = PBXGroup;
			children = (
				AF85945A2A3FECBB003B0D0B /* Register */,
				AF8594452A3FBCDD003B0D0B /* Splash */,
				AF6C1F6E2A3E15E1009916C5 /* OnBoarding */,
				AFC0B3FB2A3D68E300861D45 /* Login */,
			);
			path = Auth;
			sourceTree = "<group>";
		};
		AFC0B3FB2A3D68E300861D45 /* Login */ = {
			isa = PBXGroup;
			children = (
				AF85944C2A3FDE15003B0D0B /* ViewModel */,
				AFC0B3FC2A3D68ED00861D45 /* View */,
			);
			path = Login;
			sourceTree = "<group>";
		};
		AFC0B3FC2A3D68ED00861D45 /* View */ = {
			isa = PBXGroup;
			children = (
				AF6C1F752A3E60FD009916C5 /* LoginView.swift */,
			);
			path = View;
			sourceTree = "<group>";
		};
/* End PBXGroup section */

/* Begin PBXNativeTarget section */
		AFC0B3E62A3D677700861D45 /* firebaseLogin */ = {
			isa = PBXNativeTarget;
			buildConfigurationList = AFC0B3F62A3D677800861D45 /* Build configuration list for PBXNativeTarget "firebaseLogin" */;
			buildPhases = (
				AFC0B3E32A3D677700861D45 /* Sources */,
				AFC0B3E42A3D677700861D45 /* Frameworks */,
				AFC0B3E52A3D677700861D45 /* Resources */,
			);
			buildRules = (
			);
			dependencies = (
			);
			name = firebaseLogin;
			packageProductDependencies = (
				AF8594682A3FFDC2003B0D0B /* FirebaseAuth */,
				AF85946A2A3FFDC2003B0D0B /* FirebaseFirestore */,
			);
			productName = firebaseLogin;
			productReference = AFC0B3E72A3D677700861D45 /* firebaseLogin.app */;
			productType = "com.apple.product-type.application";
		};
/* End PBXNativeTarget section */

/* Begin PBXProject section */
		AFC0B3DF2A3D677700861D45 /* Project object */ = {
			isa = PBXProject;
			attributes = {
				BuildIndependentTargetsInParallel = 1;
				LastSwiftUpdateCheck = 1430;
				LastUpgradeCheck = 1430;
				TargetAttributes = {
					AFC0B3E62A3D677700861D45 = {
						CreatedOnToolsVersion = 14.3.1;
					};
				};
			};
			buildConfigurationList = AFC0B3E22A3D677700861D45 /* Build configuration list for PBXProject "firebaseLogin" */;
			compatibilityVersion = "Xcode 14.0";
			developmentRegion = en;
			hasScannedForEncodings = 0;
			knownRegions = (
				en,
				Base,
			);
			mainGroup = AFC0B3DE2A3D677700861D45;
			packageReferences = (
				AF8594672A3FFDC2003B0D0B /* XCRemoteSwiftPackageReference "firebase-ios-sdk" */,
			);
			productRefGroup = AFC0B3E82A3D677700861D45 /* Products */;
			projectDirPath = "";
			projectRoot = "";
			targets = (
				AFC0B3E62A3D677700861D45 /* firebaseLogin */,
			);
		};
/* End PBXProject section */

/* Begin PBXResourcesBuildPhase section */
		AFC0B3E52A3D677700861D45 /* Resources */ = {
			isa = PBXResourcesBuildPhase;
			buildActionMask = 2147483647;
			files = (
				AFC0B3F32A3D677800861D45 /* Preview Assets.xcassets in Resources */,
				AFC0B3EF2A3D677800861D45 /* Assets.xcassets in Resources */,
				AF8594592A3FEB64003B0D0B /* GoogleService-Info.plist in Resources */,
			);
			runOnlyForDeploymentPostprocessing = 0;
		};
/* End PBXResourcesBuildPhase section */

/* Begin PBXSourcesBuildPhase section */
		AFC0B3E32A3D677700861D45 /* Sources */ = {
			isa = PBXSourcesBuildPhase;
			buildActionMask = 2147483647;
			files = (
				AFC0B3ED2A3D677700861D45 /* ContentView.swift in Sources */,
				AF6C1F742A3E1657009916C5 /* Colors.swift in Sources */,
				AF6C1F712A3E1605009916C5 /* OnBoarding.swift in Sources */,
				AF85944B2A3FBD94003B0D0B /* SplashViewModel.swift in Sources */,
				AF85946D2A3FFF13003B0D0B /* RegisterViewModel.swift in Sources */,
				AF85944E2A3FDF0D003B0D0B /* LoginViewModel.swift in Sources */,
				AF8594632A3FF06A003B0D0B /* NewUser.swift in Sources */,
				AF6C1F762A3E60FD009916C5 /* LoginView.swift in Sources */,
				AF8594482A3FBCF5003B0D0B /* Splash.swift in Sources */,
				AF85946F2A400349003B0D0B /* RegisterView.swift in Sources */,
				AF8594662A3FF2F7003B0D0B /* User.swift in Sources */,
				AFC0B3EB2A3D677700861D45 /* firebaseLoginApp.swift in Sources */,
			);
			runOnlyForDeploymentPostprocessing = 0;
		};
/* End PBXSourcesBuildPhase section */

/* Begin XCBuildConfiguration section */
		AFC0B3F42A3D677800861D45 /* Debug */ = {
			isa = XCBuildConfiguration;
			buildSettings = {
				ALWAYS_SEARCH_USER_PATHS = NO;
				CLANG_ANALYZER_NONNULL = YES;
				CLANG_ANALYZER_NUMBER_OBJECT_CONVERSION = YES_AGGRESSIVE;
				CLANG_CXX_LANGUAGE_STANDARD = "gnu++20";
				CLANG_ENABLE_MODULES = YES;
				CLANG_ENABLE_OBJC_ARC = YES;
				CLANG_ENABLE_OBJC_WEAK = YES;
				CLANG_WARN_BLOCK_CAPTURE_AUTORELEASING = YES;
				CLANG_WARN_BOOL_CONVERSION = YES;
				CLANG_WARN_COMMA = YES;
				CLANG_WARN_CONSTANT_CONVERSION = YES;
				CLANG_WARN_DEPRECATED_OBJC_IMPLEMENTATIONS = YES;
				CLANG_WARN_DIRECT_OBJC_ISA_USAGE = YES_ERROR;
				CLANG_WARN_DOCUMENTATION_COMMENTS = YES;
				CLANG_WARN_EMPTY_BODY = YES;
				CLANG_WARN_ENUM_CONVERSION = YES;
				CLANG_WARN_INFINITE_RECURSION = YES;
				CLANG_WARN_INT_CONVERSION = YES;
				CLANG_WARN_NON_LITERAL_NULL_CONVERSION = YES;
				CLANG_WARN_OBJC_IMPLICIT_RETAIN_SELF = YES;
				CLANG_WARN_OBJC_LITERAL_CONVERSION = YES;
				CLANG_WARN_OBJC_ROOT_CLASS = YES_ERROR;
				CLANG_WARN_QUOTED_INCLUDE_IN_FRAMEWORK_HEADER = YES;
				CLANG_WARN_RANGE_LOOP_ANALYSIS = YES;
				CLANG_WARN_STRICT_PROTOTYPES = YES;
				CLANG_WARN_SUSPICIOUS_MOVE = YES;
				CLANG_WARN_UNGUARDED_AVAILABILITY = YES_AGGRESSIVE;
				CLANG_WARN_UNREACHABLE_CODE = YES;
				CLANG_WARN__DUPLICATE_METHOD_MATCH = YES;
				COPY_PHASE_STRIP = NO;
				DEBUG_INFORMATION_FORMAT = dwarf;
				ENABLE_STRICT_OBJC_MSGSEND = YES;
				ENABLE_TESTABILITY = YES;
				GCC_C_LANGUAGE_STANDARD = gnu11;
				GCC_DYNAMIC_NO_PIC = NO;
				GCC_NO_COMMON_BLOCKS = YES;
				GCC_OPTIMIZATION_LEVEL = 0;
				GCC_PREPROCESSOR_DEFINITIONS = (
					"DEBUG=1",
					"$(inherited)",
				);
				GCC_WARN_64_TO_32_BIT_CONVERSION = YES;
				GCC_WARN_ABOUT_RETURN_TYPE = YES_ERROR;
				GCC_WARN_UNDECLARED_SELECTOR = YES;
				GCC_WARN_UNINITIALIZED_AUTOS = YES_AGGRESSIVE;
				GCC_WARN_UNUSED_FUNCTION = YES;
				GCC_WARN_UNUSED_VARIABLE = YES;
				MTL_ENABLE_DEBUG_INFO = INCLUDE_SOURCE;
				MTL_FAST_MATH = YES;
				ONLY_ACTIVE_ARCH = YES;
				SWIFT_ACTIVE_COMPILATION_CONDITIONS = DEBUG;
				SWIFT_OPTIMIZATION_LEVEL = "-Onone";
			};
			name = Debug;
		};
		AFC0B3F52A3D677800861D45 /* Release */ = {
			isa = XCBuildConfiguration;
			buildSettings = {
				ALWAYS_SEARCH_USER_PATHS = NO;
				CLANG_ANALYZER_NONNULL = YES;
				CLANG_ANALYZER_NUMBER_OBJECT_CONVERSION = YES_AGGRESSIVE;
				CLANG_CXX_LANGUAGE_STANDARD = "gnu++20";
				CLANG_ENABLE_MODULES = YES;
				CLANG_ENABLE_OBJC_ARC = YES;
				CLANG_ENABLE_OBJC_WEAK = YES;
				CLANG_WARN_BLOCK_CAPTURE_AUTORELEASING = YES;
				CLANG_WARN_BOOL_CONVERSION = YES;
				CLANG_WARN_COMMA = YES;
				CLANG_WARN_CONSTANT_CONVERSION = YES;
				CLANG_WARN_DEPRECATED_OBJC_IMPLEMENTATIONS = YES;
				CLANG_WARN_DIRECT_OBJC_ISA_USAGE = YES_ERROR;
				CLANG_WARN_DOCUMENTATION_COMMENTS = YES;
				CLANG_WARN_EMPTY_BODY = YES;
				CLANG_WARN_ENUM_CONVERSION = YES;
				CLANG_WARN_INFINITE_RECURSION = YES;
				CLANG_WARN_INT_CONVERSION = YES;
				CLANG_WARN_NON_LITERAL_NULL_CONVERSION = YES;
				CLANG_WARN_OBJC_IMPLICIT_RETAIN_SELF = YES;
				CLANG_WARN_OBJC_LITERAL_CONVERSION = YES;
				CLANG_WARN_OBJC_ROOT_CLASS = YES_ERROR;
				CLANG_WARN_QUOTED_INCLUDE_IN_FRAMEWORK_HEADER = YES;
				CLANG_WARN_RANGE_LOOP_ANALYSIS = YES;
				CLANG_WARN_STRICT_PROTOTYPES = YES;
				CLANG_WARN_SUSPICIOUS_MOVE = YES;
				CLANG_WARN_UNGUARDED_AVAILABILITY = YES_AGGRESSIVE;
				CLANG_WARN_UNREACHABLE_CODE = YES;
				CLANG_WARN__DUPLICATE_METHOD_MATCH = YES;
				COPY_PHASE_STRIP = NO;
				DEBUG_INFORMATION_FORMAT = "dwarf-with-dsym";
				ENABLE_NS_ASSERTIONS = NO;
				ENABLE_STRICT_OBJC_MSGSEND = YES;
				GCC_C_LANGUAGE_STANDARD = gnu11;
				GCC_NO_COMMON_BLOCKS = YES;
				GCC_WARN_64_TO_32_BIT_CONVERSION = YES;
				GCC_WARN_ABOUT_RETURN_TYPE = YES_ERROR;
				GCC_WARN_UNDECLARED_SELECTOR = YES;
				GCC_WARN_UNINITIALIZED_AUTOS = YES_AGGRESSIVE;
				GCC_WARN_UNUSED_FUNCTION = YES;
				GCC_WARN_UNUSED_VARIABLE = YES;
				MTL_ENABLE_DEBUG_INFO = NO;
				MTL_FAST_MATH = YES;
				SWIFT_COMPILATION_MODE = wholemodule;
				SWIFT_OPTIMIZATION_LEVEL = "-O";
			};
			name = Release;
		};
		AFC0B3F72A3D677800861D45 /* Debug */ = {
			isa = XCBuildConfiguration;
			buildSettings = {
				ASSETCATALOG_COMPILER_APPICON_NAME = AppIcon;
				ASSETCATALOG_COMPILER_GLOBAL_ACCENT_COLOR_NAME = AccentColor;
				CODE_SIGN_ENTITLEMENTS = firebaseLogin/firebaseLogin.entitlements;
				CODE_SIGN_STYLE = Automatic;
				CURRENT_PROJECT_VERSION = 1;
				DEVELOPMENT_ASSET_PATHS = "\"firebaseLogin/Preview Content\"";
				DEVELOPMENT_TEAM = 3VV3ABN8M3;
				ENABLE_HARDENED_RUNTIME = YES;
				ENABLE_PREVIEWS = YES;
				GENERATE_INFOPLIST_FILE = YES;
				"INFOPLIST_KEY_UIApplicationSceneManifest_Generation[sdk=iphoneos*]" = YES;
				"INFOPLIST_KEY_UIApplicationSceneManifest_Generation[sdk=iphonesimulator*]" = YES;
				"INFOPLIST_KEY_UIApplicationSupportsIndirectInputEvents[sdk=iphoneos*]" = YES;
				"INFOPLIST_KEY_UIApplicationSupportsIndirectInputEvents[sdk=iphonesimulator*]" = YES;
				"INFOPLIST_KEY_UILaunchScreen_Generation[sdk=iphoneos*]" = YES;
				"INFOPLIST_KEY_UILaunchScreen_Generation[sdk=iphonesimulator*]" = YES;
				"INFOPLIST_KEY_UIStatusBarStyle[sdk=iphoneos*]" = UIStatusBarStyleDefault;
				"INFOPLIST_KEY_UIStatusBarStyle[sdk=iphonesimulator*]" = UIStatusBarStyleDefault;
				INFOPLIST_KEY_UISupportedInterfaceOrientations_iPad = "UIInterfaceOrientationPortrait UIInterfaceOrientationPortraitUpsideDown UIInterfaceOrientationLandscapeLeft UIInterfaceOrientationLandscapeRight";
				INFOPLIST_KEY_UISupportedInterfaceOrientations_iPhone = "UIInterfaceOrientationPortrait UIInterfaceOrientationLandscapeLeft UIInterfaceOrientationLandscapeRight";
				IPHONEOS_DEPLOYMENT_TARGET = 16.4;
				LD_RUNPATH_SEARCH_PATHS = "@executable_path/Frameworks";
				"LD_RUNPATH_SEARCH_PATHS[sdk=macosx*]" = "@executable_path/../Frameworks";
				MACOSX_DEPLOYMENT_TARGET = 13.3;
				MARKETING_VERSION = 1.0;
				PRODUCT_BUNDLE_IDENTIFIER = jdpadillac.firebaseLogin;
				PRODUCT_NAME = "$(TARGET_NAME)";
				SDKROOT = auto;
				SUPPORTED_PLATFORMS = "iphoneos iphonesimulator macosx";
				SWIFT_EMIT_LOC_STRINGS = YES;
				SWIFT_VERSION = 5.0;
				TARGETED_DEVICE_FAMILY = "1,2";
			};
			name = Debug;
		};
		AFC0B3F82A3D677800861D45 /* Release */ = {
			isa = XCBuildConfiguration;
			buildSettings = {
				ASSETCATALOG_COMPILER_APPICON_NAME = AppIcon;
				ASSETCATALOG_COMPILER_GLOBAL_ACCENT_COLOR_NAME = AccentColor;
				CODE_SIGN_ENTITLEMENTS = firebaseLogin/firebaseLogin.entitlements;
				CODE_SIGN_STYLE = Automatic;
				CURRENT_PROJECT_VERSION = 1;
				DEVELOPMENT_ASSET_PATHS = "\"firebaseLogin/Preview Content\"";
				DEVELOPMENT_TEAM = 3VV3ABN8M3;
				ENABLE_HARDENED_RUNTIME = YES;
				ENABLE_PREVIEWS = YES;
				GENERATE_INFOPLIST_FILE = YES;
				"INFOPLIST_KEY_UIApplicationSceneManifest_Generation[sdk=iphoneos*]" = YES;
				"INFOPLIST_KEY_UIApplicationSceneManifest_Generation[sdk=iphonesimulator*]" = YES;
				"INFOPLIST_KEY_UIApplicationSupportsIndirectInputEvents[sdk=iphoneos*]" = YES;
				"INFOPLIST_KEY_UIApplicationSupportsIndirectInputEvents[sdk=iphonesimulator*]" = YES;
				"INFOPLIST_KEY_UILaunchScreen_Generation[sdk=iphoneos*]" = YES;
				"INFOPLIST_KEY_UILaunchScreen_Generation[sdk=iphonesimulator*]" = YES;
				"INFOPLIST_KEY_UIStatusBarStyle[sdk=iphoneos*]" = UIStatusBarStyleDefault;
				"INFOPLIST_KEY_UIStatusBarStyle[sdk=iphonesimulator*]" = UIStatusBarStyleDefault;
				INFOPLIST_KEY_UISupportedInterfaceOrientations_iPad = "UIInterfaceOrientationPortrait UIInterfaceOrientationPortraitUpsideDown UIInterfaceOrientationLandscapeLeft UIInterfaceOrientationLandscapeRight";
				INFOPLIST_KEY_UISupportedInterfaceOrientations_iPhone = "UIInterfaceOrientationPortrait UIInterfaceOrientationLandscapeLeft UIInterfaceOrientationLandscapeRight";
				IPHONEOS_DEPLOYMENT_TARGET = 16.4;
				LD_RUNPATH_SEARCH_PATHS = "@executable_path/Frameworks";
				"LD_RUNPATH_SEARCH_PATHS[sdk=macosx*]" = "@executable_path/../Frameworks";
				MACOSX_DEPLOYMENT_TARGET = 13.3;
				MARKETING_VERSION = 1.0;
				PRODUCT_BUNDLE_IDENTIFIER = jdpadillac.firebaseLogin;
				PRODUCT_NAME = "$(TARGET_NAME)";
				SDKROOT = auto;
				SUPPORTED_PLATFORMS = "iphoneos iphonesimulator macosx";
				SWIFT_EMIT_LOC_STRINGS = YES;
				SWIFT_VERSION = 5.0;
				TARGETED_DEVICE_FAMILY = "1,2";
			};
			name = Release;
		};
/* End XCBuildConfiguration section */

/* Begin XCConfigurationList section */
		AFC0B3E22A3D677700861D45 /* Build configuration list for PBXProject "firebaseLogin" */ = {
			isa = XCConfigurationList;
			buildConfigurations = (
				AFC0B3F42A3D677800861D45 /* Debug */,
				AFC0B3F52A3D677800861D45 /* Release */,
			);
			defaultConfigurationIsVisible = 0;
			defaultConfigurationName = Release;
		};
		AFC0B3F62A3D677800861D45 /* Build configuration list for PBXNativeTarget "firebaseLogin" */ = {
			isa = XCConfigurationList;
			buildConfigurations = (
				AFC0B3F72A3D677800861D45 /* Debug */,
				AFC0B3F82A3D677800861D45 /* Release */,
			);
			defaultConfigurationIsVisible = 0;
			defaultConfigurationName = Release;
		};
/* End XCConfigurationList section */

/* Begin XCRemoteSwiftPackageReference section */
		AF8594672A3FFDC2003B0D0B /* XCRemoteSwiftPackageReference "firebase-ios-sdk" */ = {
			isa = XCRemoteSwiftPackageReference;
			repositoryURL = "https://github.com/firebase/firebase-ios-sdk";
			requirement = {
				kind = upToNextMajorVersion;
				minimumVersion = 10.0.0;
			};
		};
/* End XCRemoteSwiftPackageReference section */

/* Begin XCSwiftPackageProductDependency section */
		AF8594682A3FFDC2003B0D0B /* FirebaseAuth */ = {
			isa = XCSwiftPackageProductDependency;
			package = AF8594672A3FFDC2003B0D0B /* XCRemoteSwiftPackageReference "firebase-ios-sdk" */;
			productName = FirebaseAuth;
		};
		AF85946A2A3FFDC2003B0D0B /* FirebaseFirestore */ = {
			isa = XCSwiftPackageProductDependency;
			package = AF8594672A3FFDC2003B0D0B /* XCRemoteSwiftPackageReference "firebase-ios-sdk" */;
			productName = FirebaseFirestore;
		};
/* End XCSwiftPackageProductDependency section */
	};
	rootObject = AFC0B3DF2A3D677700861D45 /* Project object */;
}
